// !$*UTF8*$!
{
	archiveVersion = 1;
	classes = {
	};
	objectVersion = 56;
	objects = {

/* Begin PBXBuildFile section */
		0509EA7F2A8F3B4F00BB6C2B /* HomeViewController.swift in Sources */ = {isa = PBXBuildFile; fileRef = 0509EA7E2A8F3B4F00BB6C2B /* HomeViewController.swift */; };
		0509EA812A8F549B00BB6C2B /* BookingTableTableViewCell.swift in Sources */ = {isa = PBXBuildFile; fileRef = 0509EA802A8F549B00BB6C2B /* BookingTableTableViewCell.swift */; };
		05D42F6E2A8F23390043EC35 /* RegisterViewController.swift in Sources */ = {isa = PBXBuildFile; fileRef = 05D42F6D2A8F23390043EC35 /* RegisterViewController.swift */; };
		05D42F702A8F24C00043EC35 /* LoginViewController.swift in Sources */ = {isa = PBXBuildFile; fileRef = 05D42F6F2A8F24C00043EC35 /* LoginViewController.swift */; };
		05F001432A8F1028006B776C /* AppDelegate.swift in Sources */ = {isa = PBXBuildFile; fileRef = 05F001422A8F1028006B776C /* AppDelegate.swift */; };
		05F001452A8F1028006B776C /* SceneDelegate.swift in Sources */ = {isa = PBXBuildFile; fileRef = 05F001442A8F1028006B776C /* SceneDelegate.swift */; };
		05F001472A8F1028006B776C /* ViewController.swift in Sources */ = {isa = PBXBuildFile; fileRef = 05F001462A8F1028006B776C /* ViewController.swift */; };
		05F0014A2A8F1028006B776C /* Main.storyboard in Resources */ = {isa = PBXBuildFile; fileRef = 05F001482A8F1028006B776C /* Main.storyboard */; };
		05F0014D2A8F1028006B776C /* posttraining231.xcdatamodeld in Sources */ = {isa = PBXBuildFile; fileRef = 05F0014B2A8F1028006B776C /* posttraining231.xcdatamodeld */; };
		05F0014F2A8F102B006B776C /* Assets.xcassets in Resources */ = {isa = PBXBuildFile; fileRef = 05F0014E2A8F102B006B776C /* Assets.xcassets */; };
		05F001522A8F102B006B776C /* LaunchScreen.storyboard in Resources */ = {isa = PBXBuildFile; fileRef = 05F001502A8F102B006B776C /* LaunchScreen.storyboard */; };
/* End PBXBuildFile section */

/* Begin PBXFileReference section */
		0509EA7E2A8F3B4F00BB6C2B /* HomeViewController.swift */ = {isa = PBXFileReference; lastKnownFileType = sourcecode.swift; path = HomeViewController.swift; sourceTree = "<group>"; };
		0509EA802A8F549B00BB6C2B /* BookingTableTableViewCell.swift */ = {isa = PBXFileReference; lastKnownFileType = sourcecode.swift; path = BookingTableTableViewCell.swift; sourceTree = "<group>"; };
		05D42F6D2A8F23390043EC35 /* RegisterViewController.swift */ = {isa = PBXFileReference; lastKnownFileType = sourcecode.swift; path = RegisterViewController.swift; sourceTree = "<group>"; };
		05D42F6F2A8F24C00043EC35 /* LoginViewController.swift */ = {isa = PBXFileReference; lastKnownFileType = sourcecode.swift; path = LoginViewController.swift; sourceTree = "<group>"; };
		05F0013F2A8F1028006B776C /* posttraining231.app */ = {isa = PBXFileReference; explicitFileType = wrapper.application; includeInIndex = 0; path = posttraining231.app; sourceTree = BUILT_PRODUCTS_DIR; };
		05F001422A8F1028006B776C /* AppDelegate.swift */ = {isa = PBXFileReference; lastKnownFileType = sourcecode.swift; path = AppDelegate.swift; sourceTree = "<group>"; };
		05F001442A8F1028006B776C /* SceneDelegate.swift */ = {isa = PBXFileReference; lastKnownFileType = sourcecode.swift; path = SceneDelegate.swift; sourceTree = "<group>"; };
		05F001462A8F1028006B776C /* ViewController.swift */ = {isa = PBXFileReference; lastKnownFileType = sourcecode.swift; path = ViewController.swift; sourceTree = "<group>"; };
		05F001492A8F1028006B776C /* Base */ = {isa = PBXFileReference; lastKnownFileType = file.storyboard; name = Base; path = Base.lproj/Main.storyboard; sourceTree = "<group>"; };
		05F0014C2A8F1028006B776C /* posttraining231.xcdatamodel */ = {isa = PBXFileReference; lastKnownFileType = wrapper.xcdatamodel; path = posttraining231.xcdatamodel; sourceTree = "<group>"; };
		05F0014E2A8F102B006B776C /* Assets.xcassets */ = {isa = PBXFileReference; lastKnownFileType = folder.assetcatalog; path = Assets.xcassets; sourceTree = "<group>"; };
		05F001512A8F102B006B776C /* Base */ = {isa = PBXFileReference; lastKnownFileType = file.storyboard; name = Base; path = Base.lproj/LaunchScreen.storyboard; sourceTree = "<group>"; };
		05F001532A8F102B006B776C /* Info.plist */ = {isa = PBXFileReference; lastKnownFileType = text.plist.xml; path = Info.plist; sourceTree = "<group>"; };
/* End PBXFileReference section */

/* Begin PBXFrameworksBuildPhase section */
		05F0013C2A8F1028006B776C /* Frameworks */ = {
			isa = PBXFrameworksBuildPhase;
			buildActionMask = 2147483647;
			files = (
			);
			runOnlyForDeploymentPostprocessing = 0;
		};
/* End PBXFrameworksBuildPhase section */

/* Begin PBXGroup section */
		05D42F6C2A8F22BA0043EC35 /* ViewControllers */ = {
			isa = PBXGroup;
			children = (
				05D42F6D2A8F23390043EC35 /* RegisterViewController.swift */,
				05D42F6F2A8F24C00043EC35 /* LoginViewController.swift */,
				0509EA7E2A8F3B4F00BB6C2B /* HomeViewController.swift */,
				0509EA802A8F549B00BB6C2B /* BookingTableTableViewCell.swift */,
			);
			path = ViewControllers;
			sourceTree = "<group>";
		};
		05F001362A8F1028006B776C = {
			isa = PBXGroup;
			children = (
				05F001412A8F1028006B776C /* posttraining231 */,
				05F001402A8F1028006B776C /* Products */,
			);
			sourceTree = "<group>";
		};
		05F001402A8F1028006B776C /* Products */ = {
			isa = PBXGroup;
			children = (
				05F0013F2A8F1028006B776C /* posttraining231.app */,
			);
			name = Products;
			sourceTree = "<group>";
		};
		05F001412A8F1028006B776C /* posttraining231 */ = {
			isa = PBXGroup;
			children = (
				05D42F6C2A8F22BA0043EC35 /* ViewControllers */,
				05F001422A8F1028006B776C /* AppDelegate.swift */,
				05F001442A8F1028006B776C /* SceneDelegate.swift */,
				05F001462A8F1028006B776C /* ViewController.swift */,
				05F001482A8F1028006B776C /* Main.storyboard */,
				05F0014E2A8F102B006B776C /* Assets.xcassets */,
				05F001502A8F102B006B776C /* LaunchScreen.storyboard */,
				05F001532A8F102B006B776C /* Info.plist */,
				05F0014B2A8F1028006B776C /* posttraining231.xcdatamodeld */,
			);
			path = posttraining231;
			sourceTree = "<group>";
		};
/* End PBXGroup section */

/* Begin PBXNativeTarget section */
		05F0013E2A8F1028006B776C /* posttraining231 */ = {
			isa = PBXNativeTarget;
			buildConfigurationList = 05F001562A8F102B006B776C /* Build configuration list for PBXNativeTarget "posttraining231" */;
			buildPhases = (
				05F0013B2A8F1028006B776C /* Sources */,
				05F0013C2A8F1028006B776C /* Frameworks */,
				05F0013D2A8F1028006B776C /* Resources */,
			);
			buildRules = (
			);
			dependencies = (
			);
			name = posttraining231;
			productName = posttraining231;
			productReference = 05F0013F2A8F1028006B776C /* posttraining231.app */;
			productType = "com.apple.product-type.application";
		};
/* End PBXNativeTarget section */

/* Begin PBXProject section */
		05F001372A8F1028006B776C /* Project object */ = {
			isa = PBXProject;
			attributes = {
				BuildIndependentTargetsInParallel = 1;
				LastSwiftUpdateCheck = 1400;
				LastUpgradeCheck = 1400;
				TargetAttributes = {
					05F0013E2A8F1028006B776C = {
						CreatedOnToolsVersion = 14.0.1;
					};
				};
			};
			buildConfigurationList = 05F0013A2A8F1028006B776C /* Build configuration list for PBXProject "posttraining231" */;
			compatibilityVersion = "Xcode 14.0";
			developmentRegion = en;
			hasScannedForEncodings = 0;
			knownRegions = (
				en,
				Base,
			);
			mainGroup = 05F001362A8F1028006B776C;
			productRefGroup = 05F001402A8F1028006B776C /* Products */;
			projectDirPath = "";
			projectRoot = "";
			targets = (
				05F0013E2A8F1028006B776C /* posttraining231 */,
			);
		};
/* End PBXProject section */

/* Begin PBXResourcesBuildPhase section */
		05F0013D2A8F1028006B776C /* Resources */ = {
			isa = PBXResourcesBuildPhase;
			buildActionMask = 2147483647;
			files = (
				05F001522A8F102B006B776C /* LaunchScreen.storyboard in Resources */,
				05F0014F2A8F102B006B776C /* Assets.xcassets in Resources */,
				05F0014A2A8F1028006B776C /* Main.storyboard in Resources */,
			);
			runOnlyForDeploymentPostprocessing = 0;
		};
/* End PBXResourcesBuildPhase section */

/* Begin PBXSourcesBuildPhase section */
		05F0013B2A8F1028006B776C /* Sources */ = {
			isa = PBXSourcesBuildPhase;
			buildActionMask = 2147483647;
			files = (
				05D42F702A8F24C00043EC35 /* LoginViewController.swift in Sources */,
				05F0014D2A8F1028006B776C /* posttraining231.xcdatamodeld in Sources */,
				05D42F6E2A8F23390043EC35 /* RegisterViewController.swift in Sources */,
				05F001472A8F1028006B776C /* ViewController.swift in Sources */,
				05F001432A8F1028006B776C /* AppDelegate.swift in Sources */,
				0509EA7F2A8F3B4F00BB6C2B /* HomeViewController.swift in Sources */,
				0509EA812A8F549B00BB6C2B /* BookingTableTableViewCell.swift in Sources */,
				05F001452A8F1028006B776C /* SceneDelegate.swift in Sources */,
			);
			runOnlyForDeploymentPostprocessing = 0;
		};
/* End PBXSourcesBuildPhase section */

/* Begin PBXVariantGroup section */
		05F001482A8F1028006B776C /* Main.storyboard */ = {
			isa = PBXVariantGroup;
			children = (
				05F001492A8F1028006B776C /* Base */,
			);
			name = Main.storyboard;
			sourceTree = "<group>";
		};
		05F001502A8F102B006B776C /* LaunchScreen.storyboard */ = {
			isa = PBXVariantGroup;
			children = (
				05F001512A8F102B006B776C /* Base */,
			);
			name = LaunchScreen.storyboard;
			sourceTree = "<group>";
		};
/* End PBXVariantGroup section */

/* Begin XCBuildConfiguration section */
		05F001542A8F102B006B776C /* Debug */ = {
			isa = XCBuildConfiguration;
			buildSettings = {
				ALWAYS_SEARCH_USER_PATHS = NO;
				CLANG_ANALYZER_NONNULL = YES;
				CLANG_ANALYZER_NUMBER_OBJECT_CONVERSION = YES_AGGRESSIVE;
				CLANG_CXX_LANGUAGE_STANDARD = "gnu++20";
				CLANG_ENABLE_MODULES = YES;
				CLANG_ENABLE_OBJC_ARC = YES;
				CLANG_ENABLE_OBJC_WEAK = YES;
				CLANG_WARN_BLOCK_CAPTURE_AUTORELEASING = YES;
				CLANG_WARN_BOOL_CONVERSION = YES;
				CLANG_WARN_COMMA = YES;
				CLANG_WARN_CONSTANT_CONVERSION = YES;
				CLANG_WARN_DEPRECATED_OBJC_IMPLEMENTATIONS = YES;
				CLANG_WARN_DIRECT_OBJC_ISA_USAGE = YES_ERROR;
				CLANG_WARN_DOCUMENTATION_COMMENTS = YES;
				CLANG_WARN_EMPTY_BODY = YES;
				CLANG_WARN_ENUM_CONVERSION = YES;
				CLANG_WARN_INFINITE_RECURSION = YES;
				CLANG_WARN_INT_CONVERSION = YES;
				CLANG_WARN_NON_LITERAL_NULL_CONVERSION = YES;
				CLANG_WARN_OBJC_IMPLICIT_RETAIN_SELF = YES;
				CLANG_WARN_OBJC_LITERAL_CONVERSION = YES;
				CLANG_WARN_OBJC_ROOT_CLASS = YES_ERROR;
				CLANG_WARN_QUOTED_INCLUDE_IN_FRAMEWORK_HEADER = YES;
				CLANG_WARN_RANGE_LOOP_ANALYSIS = YES;
				CLANG_WARN_STRICT_PROTOTYPES = YES;
				CLANG_WARN_SUSPICIOUS_MOVE = YES;
				CLANG_WARN_UNGUARDED_AVAILABILITY = YES_AGGRESSIVE;
				CLANG_WARN_UNREACHABLE_CODE = YES;
				CLANG_WARN__DUPLICATE_METHOD_MATCH = YES;
				COPY_PHASE_STRIP = NO;
				DEBUG_INFORMATION_FORMAT = dwarf;
				ENABLE_STRICT_OBJC_MSGSEND = YES;
				ENABLE_TESTABILITY = YES;
				GCC_C_LANGUAGE_STANDARD = gnu11;
				GCC_DYNAMIC_NO_PIC = NO;
				GCC_NO_COMMON_BLOCKS = YES;
				GCC_OPTIMIZATION_LEVEL = 0;
				GCC_PREPROCESSOR_DEFINITIONS = (
					"DEBUG=1",
					"$(inherited)",
				);
				GCC_WARN_64_TO_32_BIT_CONVERSION = YES;
				GCC_WARN_ABOUT_RETURN_TYPE = YES_ERROR;
				GCC_WARN_UNDECLARED_SELECTOR = YES;
				GCC_WARN_UNINITIALIZED_AUTOS = YES_AGGRESSIVE;
				GCC_WARN_UNUSED_FUNCTION = YES;
				GCC_WARN_UNUSED_VARIABLE = YES;
				IPHONEOS_DEPLOYMENT_TARGET = 16.0;
				MTL_ENABLE_DEBUG_INFO = INCLUDE_SOURCE;
				MTL_FAST_MATH = YES;
				ONLY_ACTIVE_ARCH = YES;
				SDKROOT = iphoneos;
				SWIFT_ACTIVE_COMPILATION_CONDITIONS = DEBUG;
				SWIFT_OPTIMIZATION_LEVEL = "-Onone";
			};
			name = Debug;
		};
		05F001552A8F102B006B776C /* Release */ = {
			isa = XCBuildConfiguration;
			buildSettings = {
				ALWAYS_SEARCH_USER_PATHS = NO;
				CLANG_ANALYZER_NONNULL = YES;
				CLANG_ANALYZER_NUMBER_OBJECT_CONVERSION = YES_AGGRESSIVE;
				CLANG_CXX_LANGUAGE_STANDARD = "gnu++20";
				CLANG_ENABLE_MODULES = YES;
				CLANG_ENABLE_OBJC_ARC = YES;
				CLANG_ENABLE_OBJC_WEAK = YES;
				CLANG_WARN_BLOCK_CAPTURE_AUTORELEASING = YES;
				CLANG_WARN_BOOL_CONVERSION = YES;
				CLANG_WARN_COMMA = YES;
				CLANG_WARN_CONSTANT_CONVERSION = YES;
				CLANG_WARN_DEPRECATED_OBJC_IMPLEMENTATIONS = YES;
				CLANG_WARN_DIRECT_OBJC_ISA_USAGE = YES_ERROR;
				CLANG_WARN_DOCUMENTATION_COMMENTS = YES;
				CLANG_WARN_EMPTY_BODY = YES;
				CLANG_WARN_ENUM_CONVERSION = YES;
				CLANG_WARN_INFINITE_RECURSION = YES;
				CLANG_WARN_INT_CONVERSION = YES;
				CLANG_WARN_NON_LITERAL_NULL_CONVERSION = YES;
				CLANG_WARN_OBJC_IMPLICIT_RETAIN_SELF = YES;
				CLANG_WARN_OBJC_LITERAL_CONVERSION = YES;
				CLANG_WARN_OBJC_ROOT_CLASS = YES_ERROR;
				CLANG_WARN_QUOTED_INCLUDE_IN_FRAMEWORK_HEADER = YES;
				CLANG_WARN_RANGE_LOOP_ANALYSIS = YES;
				CLANG_WARN_STRICT_PROTOTYPES = YES;
				CLANG_WARN_SUSPICIOUS_MOVE = YES;
				CLANG_WARN_UNGUARDED_AVAILABILITY = YES_AGGRESSIVE;
				CLANG_WARN_UNREACHABLE_CODE = YES;
				CLANG_WARN__DUPLICATE_METHOD_MATCH = YES;
				COPY_PHASE_STRIP = NO;
				DEBUG_INFORMATION_FORMAT = "dwarf-with-dsym";
				ENABLE_NS_ASSERTIONS = NO;
				ENABLE_STRICT_OBJC_MSGSEND = YES;
				GCC_C_LANGUAGE_STANDARD = gnu11;
				GCC_NO_COMMON_BLOCKS = YES;
				GCC_WARN_64_TO_32_BIT_CONVERSION = YES;
				GCC_WARN_ABOUT_RETURN_TYPE = YES_ERROR;
				GCC_WARN_UNDECLARED_SELECTOR = YES;
				GCC_WARN_UNINITIALIZED_AUTOS = YES_AGGRESSIVE;
				GCC_WARN_UNUSED_FUNCTION = YES;
				GCC_WARN_UNUSED_VARIABLE = YES;
				IPHONEOS_DEPLOYMENT_TARGET = 16.0;
				MTL_ENABLE_DEBUG_INFO = NO;
				MTL_FAST_MATH = YES;
				SDKROOT = iphoneos;
				SWIFT_COMPILATION_MODE = wholemodule;
				SWIFT_OPTIMIZATION_LEVEL = "-O";
				VALIDATE_PRODUCT = YES;
			};
			name = Release;
		};
		05F001572A8F102B006B776C /* Debug */ = {
			isa = XCBuildConfiguration;
			buildSettings = {
				ASSETCATALOG_COMPILER_APPICON_NAME = AppIcon;
				ASSETCATALOG_COMPILER_GLOBAL_ACCENT_COLOR_NAME = AccentColor;
				CODE_SIGN_STYLE = Automatic;
				CURRENT_PROJECT_VERSION = 1;
				GENERATE_INFOPLIST_FILE = YES;
				INFOPLIST_FILE = posttraining231/Info.plist;
				INFOPLIST_KEY_UIApplicationSupportsIndirectInputEvents = YES;
				INFOPLIST_KEY_UILaunchStoryboardName = LaunchScreen;
				INFOPLIST_KEY_UIMainStoryboardFile = Main;
				INFOPLIST_KEY_UISupportedInterfaceOrientations_iPad = "UIInterfaceOrientationPortrait UIInterfaceOrientationPortraitUpsideDown UIInterfaceOrientationLandscapeLeft UIInterfaceOrientationLandscapeRight";
				INFOPLIST_KEY_UISupportedInterfaceOrientations_iPhone = "UIInterfaceOrientationPortrait UIInterfaceOrientationLandscapeLeft UIInterfaceOrientationLandscapeRight";
				LD_RUNPATH_SEARCH_PATHS = (
					"$(inherited)",
					"@executable_path/Frameworks",
				);
				MARKETING_VERSION = 1.0;
				PRODUCT_BUNDLE_IDENTIFIER = sunib.id.ac.posttraining231;
				PRODUCT_NAME = "$(TARGET_NAME)";
				SWIFT_EMIT_LOC_STRINGS = YES;
				SWIFT_VERSION = 5.0;
				TARGETED_DEVICE_FAMILY = "1,2";
			};
			name = Debug;
		};
		05F001582A8F102B006B776C /* Release */ = {
			isa = XCBuildConfiguration;
			buildSettings = {
				ASSETCATALOG_COMPILER_APPICON_NAME = AppIcon;
				ASSETCATALOG_COMPILER_GLOBAL_ACCENT_COLOR_NAME = AccentColor;
				CODE_SIGN_STYLE = Automatic;
				CURRENT_PROJECT_VERSION = 1;
				GENERATE_INFOPLIST_FILE = YES;
				INFOPLIST_FILE = posttraining231/Info.plist;
				INFOPLIST_KEY_UIApplicationSupportsIndirectInputEvents = YES;
				INFOPLIST_KEY_UILaunchStoryboardName = LaunchScreen;
				INFOPLIST_KEY_UIMainStoryboardFile = Main;
				INFOPLIST_KEY_UISupportedInterfaceOrientations_iPad = "UIInterfaceOrientationPortrait UIInterfaceOrientationPortraitUpsideDown UIInterfaceOrientationLandscapeLeft UIInterfaceOrientationLandscapeRight";
				INFOPLIST_KEY_UISupportedInterfaceOrientations_iPhone = "UIInterfaceOrientationPortrait UIInterfaceOrientationLandscapeLeft UIInterfaceOrientationLandscapeRight";
				LD_RUNPATH_SEARCH_PATHS = (
					"$(inherited)",
					"@executable_path/Frameworks",
				);
				MARKETING_VERSION = 1.0;
				PRODUCT_BUNDLE_IDENTIFIER = sunib.id.ac.posttraining231;
				PRODUCT_NAME = "$(TARGET_NAME)";
				SWIFT_EMIT_LOC_STRINGS = YES;
				SWIFT_VERSION = 5.0;
				TARGETED_DEVICE_FAMILY = "1,2";
			};
			name = Release;
		};
/* End XCBuildConfiguration section */

/* Begin XCConfigurationList section */
		05F0013A2A8F1028006B776C /* Build configuration list for PBXProject "posttraining231" */ = {
			isa = XCConfigurationList;
			buildConfigurations = (
				05F001542A8F102B006B776C /* Debug */,
				05F001552A8F102B006B776C /* Release */,
			);
			defaultConfigurationIsVisible = 0;
			defaultConfigurationName = Release;
		};
		05F001562A8F102B006B776C /* Build configuration list for PBXNativeTarget "posttraining231" */ = {
			isa = XCConfigurationList;
			buildConfigurations = (
				05F001572A8F102B006B776C /* Debug */,
				05F001582A8F102B006B776C /* Release */,
			);
			defaultConfigurationIsVisible = 0;
			defaultConfigurationName = Release;
		};
/* End XCConfigurationList section */

/* Begin XCVersionGroup section */
		05F0014B2A8F1028006B776C /* posttraining231.xcdatamodeld */ = {
			isa = XCVersionGroup;
			children = (
				05F0014C2A8F1028006B776C /* posttraining231.xcdatamodel */,
			);
			currentVersion = 05F0014C2A8F1028006B776C /* posttraining231.xcdatamodel */;
			path = posttraining231.xcdatamodeld;
			sourceTree = "<group>";
			versionGroupType = wrapper.xcdatamodel;
		};
/* End XCVersionGroup section */
	};
	rootObject = 05F001372A8F1028006B776C /* Project object */;
}
